// !$*UTF8*$!
{
	archiveVersion = 1;
	classes = {
	};
	objectVersion = 56;
	objects = {

/* Begin PBXBuildFile section */
		8A26FBD12ABDEEBA00DF4124 /* GoogleService-Info.plist in Resources */ = {isa = PBXBuildFile; fileRef = 8A26FBD02ABDEEBA00DF4124 /* GoogleService-Info.plist */; };
		8A99A9852A32288E00937E20 /* NotificationView.swift in Sources */ = {isa = PBXBuildFile; fileRef = 8A99A9842A32288E00937E20 /* NotificationView.swift */; };
		A23062782A1D2C8400574AC4 /* Splash.swift in Sources */ = {isa = PBXBuildFile; fileRef = A23062772A1D2C8400574AC4 /* Splash.swift */; };
		A230627A2A1D2CA200574AC4 /* MainPage.swift in Sources */ = {isa = PBXBuildFile; fileRef = A23062792A1D2CA200574AC4 /* MainPage.swift */; };
		A230627C2A1D2D1600574AC4 /* GameStart.swift in Sources */ = {isa = PBXBuildFile; fileRef = A230627B2A1D2D1600574AC4 /* GameStart.swift */; };
		A23062882A1E030D00574AC4 /* RoundDescription.swift in Sources */ = {isa = PBXBuildFile; fileRef = A23062872A1E030D00574AC4 /* RoundDescription.swift */; };
		A230628A2A1E032400574AC4 /* AllPopUps.swift in Sources */ = {isa = PBXBuildFile; fileRef = A23062892A1E032400574AC4 /* AllPopUps.swift */; };
		A230628C2A1E033B00574AC4 /* Results.swift in Sources */ = {isa = PBXBuildFile; fileRef = A230628B2A1E033B00574AC4 /* Results.swift */; };
		A230628E2A1E035700574AC4 /* PlayTeam.swift in Sources */ = {isa = PBXBuildFile; fileRef = A230628D2A1E035700574AC4 /* PlayTeam.swift */; };
		A23062902A1E037900574AC4 /* CharacterCustomised.swift in Sources */ = {isa = PBXBuildFile; fileRef = A230628F2A1E037900574AC4 /* CharacterCustomised.swift */; };
		A23062922A1E03AC00574AC4 /* CreateOrEditRound.swift in Sources */ = {isa = PBXBuildFile; fileRef = A23062912A1E03AC00574AC4 /* CreateOrEditRound.swift */; };
		A2855F8D2A161685002F6A28 /* AllModifiers.swift in Sources */ = {isa = PBXBuildFile; fileRef = A2855F8C2A161685002F6A28 /* AllModifiers.swift */; };
		A29E16FC2A323D7200BB0A4C /* OmnyaTeams.swift in Sources */ = {isa = PBXBuildFile; fileRef = A29E16FB2A323D7200BB0A4C /* OmnyaTeams.swift */; };
		A29E16FE2A32AE6D00BB0A4C /* MotionManager.swift in Sources */ = {isa = PBXBuildFile; fileRef = A29E16FD2A32AE6D00BB0A4C /* MotionManager.swift */; };
		A29E17002A32E60C00BB0A4C /* SoundPlayerOmnya.swift in Sources */ = {isa = PBXBuildFile; fileRef = A29E16FF2A32E60C00BB0A4C /* SoundPlayerOmnya.swift */; };
		A29E17042A347E5600BB0A4C /* Times-up.mp3 in Resources */ = {isa = PBXBuildFile; fileRef = A29E17022A347E5600BB0A4C /* Times-up.mp3 */; };
		A29E17082A349C1100BB0A4C /* Countdown-start.mp3 in Resources */ = {isa = PBXBuildFile; fileRef = A29E17072A349C1100BB0A4C /* Countdown-start.mp3 */; };
		A29E170A2A34A1A500BB0A4C /* SabbaraCheating.mp3 in Resources */ = {isa = PBXBuildFile; fileRef = A29E17092A34A1A500BB0A4C /* SabbaraCheating.mp3 */; };
		A2B6AAEB2A1FF522001C1336 /* Localizable.strings in Resources */ = {isa = PBXBuildFile; fileRef = A2B6AAED2A1FF522001C1336 /* Localizable.strings */; };
		A2E9C36C2A121BC0006D3B82 /* SabbaraApp.swift in Sources */ = {isa = PBXBuildFile; fileRef = A2E9C36B2A121BC0006D3B82 /* SabbaraApp.swift */; };
		A2E9C36E2A121BC0006D3B82 /* ContentView.swift in Sources */ = {isa = PBXBuildFile; fileRef = A2E9C36D2A121BC0006D3B82 /* ContentView.swift */; };
		A2E9C3702A121BC1006D3B82 /* Assets.xcassets in Resources */ = {isa = PBXBuildFile; fileRef = A2E9C36F2A121BC1006D3B82 /* Assets.xcassets */; };
		A2E9C3732A121BC1006D3B82 /* Preview Assets.xcassets in Resources */ = {isa = PBXBuildFile; fileRef = A2E9C3722A121BC1006D3B82 /* Preview Assets.xcassets */; };
		A2E9C3752A121BC1006D3B82 /* Persistence.swift in Sources */ = {isa = PBXBuildFile; fileRef = A2E9C3742A121BC1006D3B82 /* Persistence.swift */; };
		A2E9C3782A121BC1006D3B82 /* Sabbara.xcdatamodeld in Sources */ = {isa = PBXBuildFile; fileRef = A2E9C3762A121BC1006D3B82 /* Sabbara.xcdatamodeld */; };
		A2FF44772A1F368F008426C9 /* alfont_com_TufuliArabicDEMO-Medium.ttf in Resources */ = {isa = PBXBuildFile; fileRef = A2FF44762A1F368F008426C9 /* alfont_com_TufuliArabicDEMO-Medium.ttf */; };
		C10D30EC2A2899A9000D37FC /* EditRoundView.swift in Sources */ = {isa = PBXBuildFile; fileRef = C10D30EB2A2899A9000D37FC /* EditRoundView.swift */; };
		C1459D6A2A29E466001E9220 /* AddRoundView.swift in Sources */ = {isa = PBXBuildFile; fileRef = C1459D692A29E466001E9220 /* AddRoundView.swift */; };
		C1A4A0ED2A30A7110001A932 /* SabbaraRight.mp3 in Resources */ = {isa = PBXBuildFile; fileRef = C1A4A0EC2A30A7100001A932 /* SabbaraRight.mp3 */; };
		C1A4A0EF2A30A7180001A932 /* SabbaraWrong.mp3 in Resources */ = {isa = PBXBuildFile; fileRef = C1A4A0EE2A30A7180001A932 /* SabbaraWrong.mp3 */; };
		C1A4A0F12A30B49C0001A932 /* SabbaragameMusic.mp3 in Resources */ = {isa = PBXBuildFile; fileRef = C1A4A0F02A30B49C0001A932 /* SabbaragameMusic.mp3 */; };
		C1A4A0F42A30B4F80001A932 /* SoundPlayer.swift in Sources */ = {isa = PBXBuildFile; fileRef = C1A4A0F32A30B4F80001A932 /* SoundPlayer.swift */; };
		C1F8073B2A29E61400A93123 /* RoundModel.xcdatamodeld in Sources */ = {isa = PBXBuildFile; fileRef = C1F807392A29E61400A93123 /* RoundModel.xcdatamodeld */; };
		C1F8073D2A29E67800A93123 /* DataController.swift in Sources */ = {isa = PBXBuildFile; fileRef = C1F8073C2A29E67800A93123 /* DataController.swift */; };
		C1F8073F2A29E6C600A93123 /* Words.swift in Sources */ = {isa = PBXBuildFile; fileRef = C1F8073E2A29E6C600A93123 /* Words.swift */; };
		C1F807502A2DA24F00A93123 /* Rounds.swift in Sources */ = {isa = PBXBuildFile; fileRef = C1F8074F2A2DA24F00A93123 /* Rounds.swift */; };
		C1F807532A2DA29900A93123 /* RoundsViewModel.swift in Sources */ = {isa = PBXBuildFile; fileRef = C1F807522A2DA29900A93123 /* RoundsViewModel.swift */; };
		C1F807552A2DABCD00A93123 /* CategoryCard.swift in Sources */ = {isa = PBXBuildFile; fileRef = C1F807542A2DABCD00A93123 /* CategoryCard.swift */; };
		C1F807572A2DB26500A93123 /* SettingsView.swift in Sources */ = {isa = PBXBuildFile; fileRef = C1F807562A2DB26500A93123 /* SettingsView.swift */; };
		C1F807592A2DB2D700A93123 /* MainRoundDescription.swift in Sources */ = {isa = PBXBuildFile; fileRef = C1F807582A2DB2D700A93123 /* MainRoundDescription.swift */; };
		C1F8075B2A2DE78100A93123 /* CustomisedRoundDescription.swift in Sources */ = {isa = PBXBuildFile; fileRef = C1F8075A2A2DE78100A93123 /* CustomisedRoundDescription.swift */; };
		C1F8075D2A2E47BD00A93123 /* EditOrDeleteCustomised.swift in Sources */ = {isa = PBXBuildFile; fileRef = C1F8075C2A2E47BD00A93123 /* EditOrDeleteCustomised.swift */; };
		C1F8075F2A2F0CDA00A93123 /* PlayWithTeam.swift in Sources */ = {isa = PBXBuildFile; fileRef = C1F8075E2A2F0CDA00A93123 /* PlayWithTeam.swift */; };
/* End PBXBuildFile section */

/* Begin PBXFileReference section */
		8A26FBD02ABDEEBA00DF4124 /* GoogleService-Info.plist */ = {isa = PBXFileReference; fileEncoding = 4; lastKnownFileType = text.plist.xml; name = "GoogleService-Info.plist"; path = "../../Desktop/untitled folder/GoogleService-Info.plist"; sourceTree = "<group>"; };
		8A26FBD22ABDEF7500DF4124 /* GoogleService-Info.plist */ = {isa = PBXFileReference; lastKnownFileType = text.plist.xml; path = "GoogleService-Info.plist"; sourceTree = "<group>"; };
		8A99A9842A32288E00937E20 /* NotificationView.swift */ = {isa = PBXFileReference; lastKnownFileType = sourcecode.swift; path = NotificationView.swift; sourceTree = "<group>"; };
		A23062772A1D2C8400574AC4 /* Splash.swift */ = {isa = PBXFileReference; lastKnownFileType = sourcecode.swift; path = Splash.swift; sourceTree = "<group>"; };
		A23062792A1D2CA200574AC4 /* MainPage.swift */ = {isa = PBXFileReference; lastKnownFileType = sourcecode.swift; path = MainPage.swift; sourceTree = "<group>"; };
		A230627B2A1D2D1600574AC4 /* GameStart.swift */ = {isa = PBXFileReference; lastKnownFileType = sourcecode.swift; path = GameStart.swift; sourceTree = "<group>"; };
		A23062872A1E030D00574AC4 /* RoundDescription.swift */ = {isa = PBXFileReference; lastKnownFileType = sourcecode.swift; path = RoundDescription.swift; sourceTree = "<group>"; };
		A23062892A1E032400574AC4 /* AllPopUps.swift */ = {isa = PBXFileReference; lastKnownFileType = sourcecode.swift; path = AllPopUps.swift; sourceTree = "<group>"; };
		A230628B2A1E033B00574AC4 /* Results.swift */ = {isa = PBXFileReference; lastKnownFileType = sourcecode.swift; path = Results.swift; sourceTree = "<group>"; };
		A230628D2A1E035700574AC4 /* PlayTeam.swift */ = {isa = PBXFileReference; lastKnownFileType = sourcecode.swift; path = PlayTeam.swift; sourceTree = "<group>"; };
		A230628F2A1E037900574AC4 /* CharacterCustomised.swift */ = {isa = PBXFileReference; lastKnownFileType = sourcecode.swift; path = CharacterCustomised.swift; sourceTree = "<group>"; };
		A23062912A1E03AC00574AC4 /* CreateOrEditRound.swift */ = {isa = PBXFileReference; lastKnownFileType = sourcecode.swift; path = CreateOrEditRound.swift; sourceTree = "<group>"; };
		A2855F8C2A161685002F6A28 /* AllModifiers.swift */ = {isa = PBXFileReference; lastKnownFileType = sourcecode.swift; path = AllModifiers.swift; sourceTree = "<group>"; };
		A2855F922A166DD7002F6A28 /* Info.plist */ = {isa = PBXFileReference; lastKnownFileType = text.plist; path = Info.plist; sourceTree = "<group>"; };
		A29E16FB2A323D7200BB0A4C /* OmnyaTeams.swift */ = {isa = PBXFileReference; lastKnownFileType = sourcecode.swift; path = OmnyaTeams.swift; sourceTree = "<group>"; };
		A29E16FD2A32AE6D00BB0A4C /* MotionManager.swift */ = {isa = PBXFileReference; lastKnownFileType = sourcecode.swift; path = MotionManager.swift; sourceTree = "<group>"; };
		A29E16FF2A32E60C00BB0A4C /* SoundPlayerOmnya.swift */ = {isa = PBXFileReference; lastKnownFileType = sourcecode.swift; path = SoundPlayerOmnya.swift; sourceTree = "<group>"; };
		A29E17022A347E5600BB0A4C /* Times-up.mp3 */ = {isa = PBXFileReference; lastKnownFileType = audio.mp3; path = "Times-up.mp3"; sourceTree = "<group>"; };
		A29E17072A349C1100BB0A4C /* Countdown-start.mp3 */ = {isa = PBXFileReference; lastKnownFileType = audio.mp3; path = "Countdown-start.mp3"; sourceTree = "<group>"; };
		A29E17092A34A1A500BB0A4C /* SabbaraCheating.mp3 */ = {isa = PBXFileReference; lastKnownFileType = audio.mp3; path = SabbaraCheating.mp3; sourceTree = "<group>"; };
		A2B6AAEC2A1FF522001C1336 /* en */ = {isa = PBXFileReference; lastKnownFileType = text.plist.strings; name = en; path = en.lproj/Localizable.strings; sourceTree = "<group>"; };
		A2B6AAEE2A1FF63F001C1336 /* ar */ = {isa = PBXFileReference; lastKnownFileType = text.plist.strings; name = ar; path = ar.lproj/Localizable.strings; sourceTree = "<group>"; };
		A2E9C3682A121BC0006D3B82 /* Sabbara.app */ = {isa = PBXFileReference; explicitFileType = wrapper.application; includeInIndex = 0; path = Sabbara.app; sourceTree = BUILT_PRODUCTS_DIR; };
		A2E9C36B2A121BC0006D3B82 /* SabbaraApp.swift */ = {isa = PBXFileReference; lastKnownFileType = sourcecode.swift; path = SabbaraApp.swift; sourceTree = "<group>"; };
		A2E9C36D2A121BC0006D3B82 /* ContentView.swift */ = {isa = PBXFileReference; lastKnownFileType = sourcecode.swift; path = ContentView.swift; sourceTree = "<group>"; };
		A2E9C36F2A121BC1006D3B82 /* Assets.xcassets */ = {isa = PBXFileReference; lastKnownFileType = folder.assetcatalog; path = Assets.xcassets; sourceTree = "<group>"; };
		A2E9C3722A121BC1006D3B82 /* Preview Assets.xcassets */ = {isa = PBXFileReference; lastKnownFileType = folder.assetcatalog; path = "Preview Assets.xcassets"; sourceTree = "<group>"; };
		A2E9C3742A121BC1006D3B82 /* Persistence.swift */ = {isa = PBXFileReference; lastKnownFileType = sourcecode.swift; path = Persistence.swift; sourceTree = "<group>"; };
		A2E9C3772A121BC1006D3B82 /* Sabbara.xcdatamodel */ = {isa = PBXFileReference; lastKnownFileType = wrapper.xcdatamodel; path = Sabbara.xcdatamodel; sourceTree = "<group>"; };
		A2FF44762A1F368F008426C9 /* alfont_com_TufuliArabicDEMO-Medium.ttf */ = {isa = PBXFileReference; lastKnownFileType = file; path = "alfont_com_TufuliArabicDEMO-Medium.ttf"; sourceTree = "<group>"; };
		C10D30EB2A2899A9000D37FC /* EditRoundView.swift */ = {isa = PBXFileReference; lastKnownFileType = sourcecode.swift; path = EditRoundView.swift; sourceTree = "<group>"; };
		C1459D692A29E466001E9220 /* AddRoundView.swift */ = {isa = PBXFileReference; fileEncoding = 4; lastKnownFileType = sourcecode.swift; path = AddRoundView.swift; sourceTree = "<group>"; };
		C1A4A0EC2A30A7100001A932 /* SabbaraRight.mp3 */ = {isa = PBXFileReference; lastKnownFileType = audio.mp3; path = SabbaraRight.mp3; sourceTree = "<group>"; };
		C1A4A0EE2A30A7180001A932 /* SabbaraWrong.mp3 */ = {isa = PBXFileReference; lastKnownFileType = audio.mp3; path = SabbaraWrong.mp3; sourceTree = "<group>"; };
		C1A4A0F02A30B49C0001A932 /* SabbaragameMusic.mp3 */ = {isa = PBXFileReference; lastKnownFileType = audio.mp3; path = SabbaragameMusic.mp3; sourceTree = "<group>"; };
		C1A4A0F32A30B4F80001A932 /* SoundPlayer.swift */ = {isa = PBXFileReference; lastKnownFileType = sourcecode.swift; path = SoundPlayer.swift; sourceTree = "<group>"; };
		C1F8073A2A29E61400A93123 /* RoundModel.xcdatamodel */ = {isa = PBXFileReference; lastKnownFileType = wrapper.xcdatamodel; path = RoundModel.xcdatamodel; sourceTree = "<group>"; };
		C1F8073C2A29E67800A93123 /* DataController.swift */ = {isa = PBXFileReference; lastKnownFileType = sourcecode.swift; path = DataController.swift; sourceTree = "<group>"; };
		C1F8073E2A29E6C600A93123 /* Words.swift */ = {isa = PBXFileReference; lastKnownFileType = sourcecode.swift; path = Words.swift; sourceTree = "<group>"; };
		C1F8074F2A2DA24F00A93123 /* Rounds.swift */ = {isa = PBXFileReference; lastKnownFileType = sourcecode.swift; path = Rounds.swift; sourceTree = "<group>"; };
		C1F807522A2DA29900A93123 /* RoundsViewModel.swift */ = {isa = PBXFileReference; lastKnownFileType = sourcecode.swift; path = RoundsViewModel.swift; sourceTree = "<group>"; };
		C1F807542A2DABCD00A93123 /* CategoryCard.swift */ = {isa = PBXFileReference; lastKnownFileType = sourcecode.swift; path = CategoryCard.swift; sourceTree = "<group>"; };
		C1F807562A2DB26500A93123 /* SettingsView.swift */ = {isa = PBXFileReference; lastKnownFileType = sourcecode.swift; path = SettingsView.swift; sourceTree = "<group>"; };
		C1F807582A2DB2D700A93123 /* MainRoundDescription.swift */ = {isa = PBXFileReference; lastKnownFileType = sourcecode.swift; path = MainRoundDescription.swift; sourceTree = "<group>"; };
		C1F8075A2A2DE78100A93123 /* CustomisedRoundDescription.swift */ = {isa = PBXFileReference; lastKnownFileType = sourcecode.swift; path = CustomisedRoundDescription.swift; sourceTree = "<group>"; };
		C1F8075C2A2E47BD00A93123 /* EditOrDeleteCustomised.swift */ = {isa = PBXFileReference; lastKnownFileType = sourcecode.swift; path = EditOrDeleteCustomised.swift; sourceTree = "<group>"; };
		C1F8075E2A2F0CDA00A93123 /* PlayWithTeam.swift */ = {isa = PBXFileReference; lastKnownFileType = sourcecode.swift; path = PlayWithTeam.swift; sourceTree = "<group>"; };
/* End PBXFileReference section */

/* Begin PBXFrameworksBuildPhase section */
		A2E9C3652A121BC0006D3B82 /* Frameworks */ = {
			isa = PBXFrameworksBuildPhase;
			buildActionMask = 2147483647;
			files = (
			);
			runOnlyForDeploymentPostprocessing = 0;
		};
/* End PBXFrameworksBuildPhase section */

/* Begin PBXGroup section */
		A2855F8E2A166C60002F6A28 /* Fonts */ = {
			isa = PBXGroup;
			children = (
				A2FF44762A1F368F008426C9 /* alfont_com_TufuliArabicDEMO-Medium.ttf */,
			);
			path = Fonts;
			sourceTree = "<group>";
		};
		A2E9C35F2A121BC0006D3B82 = {
			isa = PBXGroup;
			children = (
				8A26FBD02ABDEEBA00DF4124 /* GoogleService-Info.plist */,
				A2E9C36A2A121BC0006D3B82 /* Sabbara */,
				A2E9C3692A121BC0006D3B82 /* Products */,
			);
			sourceTree = "<group>";
		};
		A2E9C3692A121BC0006D3B82 /* Products */ = {
			isa = PBXGroup;
			children = (
				A2E9C3682A121BC0006D3B82 /* Sabbara.app */,
			);
			name = Products;
			sourceTree = "<group>";
		};
		A2E9C36A2A121BC0006D3B82 /* Sabbara */ = {
			isa = PBXGroup;
			children = (
				8A26FBD22ABDEF7500DF4124 /* GoogleService-Info.plist */,
				C1A4A0F32A30B4F80001A932 /* SoundPlayer.swift */,
				A29E16FF2A32E60C00BB0A4C /* SoundPlayerOmnya.swift */,
				C1A4A0F22A30B4A20001A932 /* Sound */,
				C1F807382A29E5E300A93123 /* DataModel */,
				A2B6AAED2A1FF522001C1336 /* Localizable.strings */,
				A2E9C36F2A121BC1006D3B82 /* Assets.xcassets */,
				A2E9C36B2A121BC0006D3B82 /* SabbaraApp.swift */,
				A2E9C36D2A121BC0006D3B82 /* ContentView.swift */,
				A2855F8C2A161685002F6A28 /* AllModifiers.swift */,
				A2E9C3742A121BC1006D3B82 /* Persistence.swift */,
				A2855F922A166DD7002F6A28 /* Info.plist */,
				A2E9C3762A121BC1006D3B82 /* Sabbara.xcdatamodeld */,
				A23062772A1D2C8400574AC4 /* Splash.swift */,
				A230627B2A1D2D1600574AC4 /* GameStart.swift */,
				A29E16FD2A32AE6D00BB0A4C /* MotionManager.swift */,
				A23062872A1E030D00574AC4 /* RoundDescription.swift */,
				A23062892A1E032400574AC4 /* AllPopUps.swift */,
				A230628B2A1E033B00574AC4 /* Results.swift */,
				A230628D2A1E035700574AC4 /* PlayTeam.swift */,
				A230628F2A1E037900574AC4 /* CharacterCustomised.swift */,
				A23062912A1E03AC00574AC4 /* CreateOrEditRound.swift */,
				A23062792A1D2CA200574AC4 /* MainPage.swift */,
				C1F807512A2DA26800A93123 /* ViewModel */,
				C1F8074E2A2DA1AC00A93123 /* Model */,
				C1459D682A29E432001E9220 /* ViewsCore */,
				A2855F8E2A166C60002F6A28 /* Fonts */,
				A2E9C3712A121BC1006D3B82 /* Preview Content */,
				C1F807562A2DB26500A93123 /* SettingsView.swift */,
				C1F807582A2DB2D700A93123 /* MainRoundDescription.swift */,
				A29E16FB2A323D7200BB0A4C /* OmnyaTeams.swift */,
				C1F8075A2A2DE78100A93123 /* CustomisedRoundDescription.swift */,
				C1F8075C2A2E47BD00A93123 /* EditOrDeleteCustomised.swift */,
				C1F8075E2A2F0CDA00A93123 /* PlayWithTeam.swift */,
				C1F807542A2DABCD00A93123 /* CategoryCard.swift */,
				8A99A9842A32288E00937E20 /* NotificationView.swift */,
			);
			path = Sabbara;
			sourceTree = "<group>";
		};
		A2E9C3712A121BC1006D3B82 /* Preview Content */ = {
			isa = PBXGroup;
			children = (
				A2E9C3722A121BC1006D3B82 /* Preview Assets.xcassets */,
			);
			path = "Preview Content";
			sourceTree = "<group>";
		};
		C1459D682A29E432001E9220 /* ViewsCore */ = {
			isa = PBXGroup;
			children = (
				C1459D692A29E466001E9220 /* AddRoundView.swift */,
				C10D30EB2A2899A9000D37FC /* EditRoundView.swift */,
			);
			path = ViewsCore;
			sourceTree = "<group>";
		};
		C1A4A0F22A30B4A20001A932 /* Sound */ = {
			isa = PBXGroup;
			children = (
				C1A4A0EC2A30A7100001A932 /* SabbaraRight.mp3 */,
				C1A4A0EE2A30A7180001A932 /* SabbaraWrong.mp3 */,
				A29E17072A349C1100BB0A4C /* Countdown-start.mp3 */,
				C1A4A0F02A30B49C0001A932 /* SabbaragameMusic.mp3 */,
				A29E17092A34A1A500BB0A4C /* SabbaraCheating.mp3 */,
				A29E17022A347E5600BB0A4C /* Times-up.mp3 */,
			);
			path = Sound;
			sourceTree = "<group>";
		};
		C1F807382A29E5E300A93123 /* DataModel */ = {
			isa = PBXGroup;
			children = (
				C1F807392A29E61400A93123 /* RoundModel.xcdatamodeld */,
				C1F8073C2A29E67800A93123 /* DataController.swift */,
				C1F8073E2A29E6C600A93123 /* Words.swift */,
			);
			path = DataModel;
			sourceTree = "<group>";
		};
		C1F8074E2A2DA1AC00A93123 /* Model */ = {
			isa = PBXGroup;
			children = (
				C1F8074F2A2DA24F00A93123 /* Rounds.swift */,
			);
			path = Model;
			sourceTree = "<group>";
		};
		C1F807512A2DA26800A93123 /* ViewModel */ = {
			isa = PBXGroup;
			children = (
				C1F807522A2DA29900A93123 /* RoundsViewModel.swift */,
			);
			path = ViewModel;
			sourceTree = "<group>";
		};
/* End PBXGroup section */

/* Begin PBXNativeTarget section */
		A2E9C3672A121BC0006D3B82 /* Sabbara */ = {
			isa = PBXNativeTarget;
			buildConfigurationList = A2E9C37B2A121BC1006D3B82 /* Build configuration list for PBXNativeTarget "Sabbara" */;
			buildPhases = (
				A2E9C3642A121BC0006D3B82 /* Sources */,
				A2E9C3652A121BC0006D3B82 /* Frameworks */,
				A2E9C3662A121BC0006D3B82 /* Resources */,
			);
			buildRules = (
			);
			dependencies = (
			);
			name = Sabbara;
			productName = Sabbara;
			productReference = A2E9C3682A121BC0006D3B82 /* Sabbara.app */;
			productType = "com.apple.product-type.application";
		};
/* End PBXNativeTarget section */

/* Begin PBXProject section */
		A2E9C3602A121BC0006D3B82 /* Project object */ = {
			isa = PBXProject;
			attributes = {
				BuildIndependentTargetsInParallel = 1;
				LastSwiftUpdateCheck = 1420;
				LastUpgradeCheck = 1420;
				TargetAttributes = {
					A2E9C3672A121BC0006D3B82 = {
						CreatedOnToolsVersion = 14.2;
					};
				};
			};
			buildConfigurationList = A2E9C3632A121BC0006D3B82 /* Build configuration list for PBXProject "Sabbara" */;
			compatibilityVersion = "Xcode 14.0";
			developmentRegion = en;
			hasScannedForEncodings = 0;
			knownRegions = (
				en,
				Base,
				ar,
			);
			mainGroup = A2E9C35F2A121BC0006D3B82;
			productRefGroup = A2E9C3692A121BC0006D3B82 /* Products */;
			projectDirPath = "";
			projectRoot = "";
			targets = (
				A2E9C3672A121BC0006D3B82 /* Sabbara */,
			);
		};
/* End PBXProject section */

/* Begin PBXResourcesBuildPhase section */
		A2E9C3662A121BC0006D3B82 /* Resources */ = {
			isa = PBXResourcesBuildPhase;
			buildActionMask = 2147483647;
			files = (
				C1A4A0F12A30B49C0001A932 /* SabbaragameMusic.mp3 in Resources */,
				A29E17082A349C1100BB0A4C /* Countdown-start.mp3 in Resources */,
				A2FF44772A1F368F008426C9 /* alfont_com_TufuliArabicDEMO-Medium.ttf in Resources */,
				C1A4A0ED2A30A7110001A932 /* SabbaraRight.mp3 in Resources */,
				A2B6AAEB2A1FF522001C1336 /* Localizable.strings in Resources */,
				A2E9C3732A121BC1006D3B82 /* Preview Assets.xcassets in Resources */,
				A2E9C3702A121BC1006D3B82 /* Assets.xcassets in Resources */,
				C1A4A0EF2A30A7180001A932 /* SabbaraWrong.mp3 in Resources */,
				8A26FBD12ABDEEBA00DF4124 /* GoogleService-Info.plist in Resources */,
				A29E170A2A34A1A500BB0A4C /* SabbaraCheating.mp3 in Resources */,
				A29E17042A347E5600BB0A4C /* Times-up.mp3 in Resources */,
			);
			runOnlyForDeploymentPostprocessing = 0;
		};
/* End PBXResourcesBuildPhase section */

/* Begin PBXSourcesBuildPhase section */
		A2E9C3642A121BC0006D3B82 /* Sources */ = {
			isa = PBXSourcesBuildPhase;
			buildActionMask = 2147483647;
			files = (
				A2855F8D2A161685002F6A28 /* AllModifiers.swift in Sources */,
				A23062922A1E03AC00574AC4 /* CreateOrEditRound.swift in Sources */,
				C1A4A0F42A30B4F80001A932 /* SoundPlayer.swift in Sources */,
				A23062882A1E030D00574AC4 /* RoundDescription.swift in Sources */,
				A230628A2A1E032400574AC4 /* AllPopUps.swift in Sources */,
				A29E17002A32E60C00BB0A4C /* SoundPlayerOmnya.swift in Sources */,
				A2E9C3782A121BC1006D3B82 /* Sabbara.xcdatamodeld in Sources */,
				C1F807532A2DA29900A93123 /* RoundsViewModel.swift in Sources */,
				C1F807502A2DA24F00A93123 /* Rounds.swift in Sources */,
				A230627C2A1D2D1600574AC4 /* GameStart.swift in Sources */,
				C1F807592A2DB2D700A93123 /* MainRoundDescription.swift in Sources */,
				C1F807572A2DB26500A93123 /* SettingsView.swift in Sources */,
				C10D30EC2A2899A9000D37FC /* EditRoundView.swift in Sources */,
				A23062902A1E037900574AC4 /* CharacterCustomised.swift in Sources */,
				C1F8073F2A29E6C600A93123 /* Words.swift in Sources */,
				A29E16FC2A323D7200BB0A4C /* OmnyaTeams.swift in Sources */,
				A2E9C3752A121BC1006D3B82 /* Persistence.swift in Sources */,
				C1459D6A2A29E466001E9220 /* AddRoundView.swift in Sources */,
				A2E9C36E2A121BC0006D3B82 /* ContentView.swift in Sources */,
				A230628C2A1E033B00574AC4 /* Results.swift in Sources */,
				C1F807552A2DABCD00A93123 /* CategoryCard.swift in Sources */,
				A23062782A1D2C8400574AC4 /* Splash.swift in Sources */,
				C1F8075B2A2DE78100A93123 /* CustomisedRoundDescription.swift in Sources */,
				C1F8073D2A29E67800A93123 /* DataController.swift in Sources */,
				C1F8075D2A2E47BD00A93123 /* EditOrDeleteCustomised.swift in Sources */,
				A230627A2A1D2CA200574AC4 /* MainPage.swift in Sources */,
				A230628E2A1E035700574AC4 /* PlayTeam.swift in Sources */,
				C1F8073B2A29E61400A93123 /* RoundModel.xcdatamodeld in Sources */,
				A2E9C36C2A121BC0006D3B82 /* SabbaraApp.swift in Sources */,
				C1F8075F2A2F0CDA00A93123 /* PlayWithTeam.swift in Sources */,
				8A99A9852A32288E00937E20 /* NotificationView.swift in Sources */,
				A29E16FE2A32AE6D00BB0A4C /* MotionManager.swift in Sources */,
			);
			runOnlyForDeploymentPostprocessing = 0;
		};
/* End PBXSourcesBuildPhase section */

/* Begin PBXVariantGroup section */
		A2B6AAED2A1FF522001C1336 /* Localizable.strings */ = {
			isa = PBXVariantGroup;
			children = (
				A2B6AAEC2A1FF522001C1336 /* en */,
				A2B6AAEE2A1FF63F001C1336 /* ar */,
			);
			name = Localizable.strings;
			sourceTree = "<group>";
		};
/* End PBXVariantGroup section */

/* Begin XCBuildConfiguration section */
		A2E9C3792A121BC1006D3B82 /* Debug */ = {
			isa = XCBuildConfiguration;
			buildSettings = {
				ALWAYS_SEARCH_USER_PATHS = NO;
				CLANG_ANALYZER_LOCALIZABILITY_NONLOCALIZED = YES;
				CLANG_ANALYZER_NONNULL = YES;
				CLANG_ANALYZER_NUMBER_OBJECT_CONVERSION = YES_AGGRESSIVE;
				CLANG_CXX_LANGUAGE_STANDARD = "gnu++20";
				CLANG_ENABLE_MODULES = YES;
				CLANG_ENABLE_OBJC_ARC = YES;
				CLANG_ENABLE_OBJC_WEAK = YES;
				CLANG_WARN_BLOCK_CAPTURE_AUTORELEASING = YES;
				CLANG_WARN_BOOL_CONVERSION = YES;
				CLANG_WARN_COMMA = YES;
				CLANG_WARN_CONSTANT_CONVERSION = YES;
				CLANG_WARN_DEPRECATED_OBJC_IMPLEMENTATIONS = YES;
				CLANG_WARN_DIRECT_OBJC_ISA_USAGE = YES_ERROR;
				CLANG_WARN_DOCUMENTATION_COMMENTS = YES;
				CLANG_WARN_EMPTY_BODY = YES;
				CLANG_WARN_ENUM_CONVERSION = YES;
				CLANG_WARN_INFINITE_RECURSION = YES;
				CLANG_WARN_INT_CONVERSION = YES;
				CLANG_WARN_NON_LITERAL_NULL_CONVERSION = YES;
				CLANG_WARN_OBJC_IMPLICIT_RETAIN_SELF = YES;
				CLANG_WARN_OBJC_LITERAL_CONVERSION = YES;
				CLANG_WARN_OBJC_ROOT_CLASS = YES_ERROR;
				CLANG_WARN_QUOTED_INCLUDE_IN_FRAMEWORK_HEADER = YES;
				CLANG_WARN_RANGE_LOOP_ANALYSIS = YES;
				CLANG_WARN_STRICT_PROTOTYPES = YES;
				CLANG_WARN_SUSPICIOUS_MOVE = YES;
				CLANG_WARN_UNGUARDED_AVAILABILITY = YES_AGGRESSIVE;
				CLANG_WARN_UNREACHABLE_CODE = YES;
				CLANG_WARN__DUPLICATE_METHOD_MATCH = YES;
				COPY_PHASE_STRIP = NO;
				DEBUG_INFORMATION_FORMAT = dwarf;
				ENABLE_STRICT_OBJC_MSGSEND = YES;
				ENABLE_TESTABILITY = YES;
				GCC_C_LANGUAGE_STANDARD = gnu11;
				GCC_DYNAMIC_NO_PIC = NO;
				GCC_NO_COMMON_BLOCKS = YES;
				GCC_OPTIMIZATION_LEVEL = 0;
				GCC_PREPROCESSOR_DEFINITIONS = (
					"DEBUG=1",
					"$(inherited)",
				);
				GCC_WARN_64_TO_32_BIT_CONVERSION = YES;
				GCC_WARN_ABOUT_RETURN_TYPE = YES_ERROR;
				GCC_WARN_UNDECLARED_SELECTOR = YES;
				GCC_WARN_UNINITIALIZED_AUTOS = YES_AGGRESSIVE;
				GCC_WARN_UNUSED_FUNCTION = YES;
				GCC_WARN_UNUSED_VARIABLE = YES;
				IPHONEOS_DEPLOYMENT_TARGET = 16.0;
				MTL_ENABLE_DEBUG_INFO = INCLUDE_SOURCE;
				MTL_FAST_MATH = YES;
				ONLY_ACTIVE_ARCH = YES;
				SDKROOT = iphoneos;
				SWIFT_ACTIVE_COMPILATION_CONDITIONS = DEBUG;
				SWIFT_OPTIMIZATION_LEVEL = "-Onone";
			};
			name = Debug;
		};
		A2E9C37A2A121BC1006D3B82 /* Release */ = {
			isa = XCBuildConfiguration;
			buildSettings = {
				ALWAYS_SEARCH_USER_PATHS = NO;
				CLANG_ANALYZER_LOCALIZABILITY_NONLOCALIZED = YES;
				CLANG_ANALYZER_NONNULL = YES;
				CLANG_ANALYZER_NUMBER_OBJECT_CONVERSION = YES_AGGRESSIVE;
				CLANG_CXX_LANGUAGE_STANDARD = "gnu++20";
				CLANG_ENABLE_MODULES = YES;
				CLANG_ENABLE_OBJC_ARC = YES;
				CLANG_ENABLE_OBJC_WEAK = YES;
				CLANG_WARN_BLOCK_CAPTURE_AUTORELEASING = YES;
				CLANG_WARN_BOOL_CONVERSION = YES;
				CLANG_WARN_COMMA = YES;
				CLANG_WARN_CONSTANT_CONVERSION = YES;
				CLANG_WARN_DEPRECATED_OBJC_IMPLEMENTATIONS = YES;
				CLANG_WARN_DIRECT_OBJC_ISA_USAGE = YES_ERROR;
				CLANG_WARN_DOCUMENTATION_COMMENTS = YES;
				CLANG_WARN_EMPTY_BODY = YES;
				CLANG_WARN_ENUM_CONVERSION = YES;
				CLANG_WARN_INFINITE_RECURSION = YES;
				CLANG_WARN_INT_CONVERSION = YES;
				CLANG_WARN_NON_LITERAL_NULL_CONVERSION = YES;
				CLANG_WARN_OBJC_IMPLICIT_RETAIN_SELF = YES;
				CLANG_WARN_OBJC_LITERAL_CONVERSION = YES;
				CLANG_WARN_OBJC_ROOT_CLASS = YES_ERROR;
				CLANG_WARN_QUOTED_INCLUDE_IN_FRAMEWORK_HEADER = YES;
				CLANG_WARN_RANGE_LOOP_ANALYSIS = YES;
				CLANG_WARN_STRICT_PROTOTYPES = YES;
				CLANG_WARN_SUSPICIOUS_MOVE = YES;
				CLANG_WARN_UNGUARDED_AVAILABILITY = YES_AGGRESSIVE;
				CLANG_WARN_UNREACHABLE_CODE = YES;
				CLANG_WARN__DUPLICATE_METHOD_MATCH = YES;
				COPY_PHASE_STRIP = NO;
				DEBUG_INFORMATION_FORMAT = "dwarf-with-dsym";
				ENABLE_NS_ASSERTIONS = NO;
				ENABLE_STRICT_OBJC_MSGSEND = YES;
				GCC_C_LANGUAGE_STANDARD = gnu11;
				GCC_NO_COMMON_BLOCKS = YES;
				GCC_WARN_64_TO_32_BIT_CONVERSION = YES;
				GCC_WARN_ABOUT_RETURN_TYPE = YES_ERROR;
				GCC_WARN_UNDECLARED_SELECTOR = YES;
				GCC_WARN_UNINITIALIZED_AUTOS = YES_AGGRESSIVE;
				GCC_WARN_UNUSED_FUNCTION = YES;
				GCC_WARN_UNUSED_VARIABLE = YES;
				IPHONEOS_DEPLOYMENT_TARGET = 16.0;
				MTL_ENABLE_DEBUG_INFO = NO;
				MTL_FAST_MATH = YES;
				SDKROOT = iphoneos;
				SWIFT_COMPILATION_MODE = wholemodule;
				SWIFT_OPTIMIZATION_LEVEL = "-O";
				VALIDATE_PRODUCT = YES;
			};
			name = Release;
		};
		A2E9C37C2A121BC1006D3B82 /* Debug */ = {
			isa = XCBuildConfiguration;
			buildSettings = {
				ASSETCATALOG_COMPILER_APPICON_NAME = AppIcon;
				ASSETCATALOG_COMPILER_GLOBAL_ACCENT_COLOR_NAME = AccentColor;
				CODE_SIGN_STYLE = Automatic;
				CURRENT_PROJECT_VERSION = 1.1;
				DEVELOPMENT_ASSET_PATHS = "\"Sabbara/Preview Content\"";
				DEVELOPMENT_TEAM = 6NJFK7MSA4;
				ENABLE_PREVIEWS = YES;
				GENERATE_INFOPLIST_FILE = YES;
				INFOPLIST_FILE = Sabbara/Info.plist;
				INFOPLIST_KEY_CFBundleDisplayName = "صبّارة";
				INFOPLIST_KEY_LSApplicationCategoryType = "public.app-category.games";
				INFOPLIST_KEY_UIApplicationSceneManifest_Generation = YES;
				INFOPLIST_KEY_UIApplicationSupportsIndirectInputEvents = YES;
				INFOPLIST_KEY_UILaunchScreen_Generation = YES;
				INFOPLIST_KEY_UISupportedInterfaceOrientations = UIInterfaceOrientationPortrait;
				INFOPLIST_KEY_UISupportedInterfaceOrientations_iPad = "\"\" UIInterfaceOrientationLandscapeLeft UIInterfaceOrientationLandscapeRight UIInterfaceOrientationPortrait UIInterfaceOrientationPortraitUpsideDown";
				INFOPLIST_KEY_UIUserInterfaceStyle = Light;
				IPHONEOS_DEPLOYMENT_TARGET = 16.0;
				LD_RUNPATH_SEARCH_PATHS = (
					"$(inherited)",
					"@executable_path/Frameworks",
				);
				MARKETING_VERSION = 1.1;
				PRODUCT_BUNDLE_IDENTIFIER = test.com.Sabbara;
				PRODUCT_NAME = "$(TARGET_NAME)";
				SUPPORTED_PLATFORMS = "iphoneos iphonesimulator";
				SUPPORTS_MACCATALYST = NO;
				SUPPORTS_MAC_DESIGNED_FOR_IPHONE_IPAD = NO;
				SWIFT_EMIT_LOC_STRINGS = YES;
				SWIFT_VERSION = 5.0;
				TARGETED_DEVICE_FAMILY = 1;
			};
			name = Debug;
		};
		A2E9C37D2A121BC1006D3B82 /* Release */ = {
			isa = XCBuildConfiguration;
			buildSettings = {
				ASSETCATALOG_COMPILER_APPICON_NAME = AppIcon;
				ASSETCATALOG_COMPILER_GLOBAL_ACCENT_COLOR_NAME = AccentColor;
				CODE_SIGN_STYLE = Automatic;
				CURRENT_PROJECT_VERSION = 1.1;
				DEVELOPMENT_ASSET_PATHS = "\"Sabbara/Preview Content\"";
				DEVELOPMENT_TEAM = 6NJFK7MSA4;
				ENABLE_PREVIEWS = YES;
				GENERATE_INFOPLIST_FILE = YES;
				INFOPLIST_FILE = Sabbara/Info.plist;
				INFOPLIST_KEY_CFBundleDisplayName = "صبّارة";
				INFOPLIST_KEY_LSApplicationCategoryType = "public.app-category.games";
				INFOPLIST_KEY_UIApplicationSceneManifest_Generation = YES;
				INFOPLIST_KEY_UIApplicationSupportsIndirectInputEvents = YES;
				INFOPLIST_KEY_UILaunchScreen_Generation = YES;
				INFOPLIST_KEY_UISupportedInterfaceOrientations = UIInterfaceOrientationPortrait;
				INFOPLIST_KEY_UISupportedInterfaceOrientations_iPad = "\"\" UIInterfaceOrientationLandscapeLeft UIInterfaceOrientationLandscapeRight UIInterfaceOrientationPortrait UIInterfaceOrientationPortraitUpsideDown";
				INFOPLIST_KEY_UIUserInterfaceStyle = Light;
				IPHONEOS_DEPLOYMENT_TARGET = 16.0;
				LD_RUNPATH_SEARCH_PATHS = (
					"$(inherited)",
					"@executable_path/Frameworks",
				);
				MARKETING_VERSION = 1.1;
				PRODUCT_BUNDLE_IDENTIFIER = test.com.Sabbara;
				PRODUCT_NAME = "$(TARGET_NAME)";
				SUPPORTED_PLATFORMS = "iphoneos iphonesimulator";
				SUPPORTS_MACCATALYST = NO;
				SUPPORTS_MAC_DESIGNED_FOR_IPHONE_IPAD = NO;
				SWIFT_EMIT_LOC_STRINGS = YES;
				SWIFT_VERSION = 5.0;
				TARGETED_DEVICE_FAMILY = 1;
			};
			name = Release;
		};
/* End XCBuildConfiguration section */

/* Begin XCConfigurationList section */
		A2E9C3632A121BC0006D3B82 /* Build configuration list for PBXProject "Sabbara" */ = {
			isa = XCConfigurationList;
			buildConfigurations = (
				A2E9C3792A121BC1006D3B82 /* Debug */,
				A2E9C37A2A121BC1006D3B82 /* Release */,
			);
			defaultConfigurationIsVisible = 0;
			defaultConfigurationName = Release;
		};
		A2E9C37B2A121BC1006D3B82 /* Build configuration list for PBXNativeTarget "Sabbara" */ = {
			isa = XCConfigurationList;
			buildConfigurations = (
				A2E9C37C2A121BC1006D3B82 /* Debug */,
				A2E9C37D2A121BC1006D3B82 /* Release */,
			);
			defaultConfigurationIsVisible = 0;
			defaultConfigurationName = Release;
		};
/* End XCConfigurationList section */

/* Begin XCVersionGroup section */
		A2E9C3762A121BC1006D3B82 /* Sabbara.xcdatamodeld */ = {
			isa = XCVersionGroup;
			children = (
				A2E9C3772A121BC1006D3B82 /* Sabbara.xcdatamodel */,
			);
			currentVersion = A2E9C3772A121BC1006D3B82 /* Sabbara.xcdatamodel */;
			path = Sabbara.xcdatamodeld;
			sourceTree = "<group>";
			versionGroupType = wrapper.xcdatamodel;
		};
		C1F807392A29E61400A93123 /* RoundModel.xcdatamodeld */ = {
			isa = XCVersionGroup;
			children = (
				C1F8073A2A29E61400A93123 /* RoundModel.xcdatamodel */,
			);
			currentVersion = C1F8073A2A29E61400A93123 /* RoundModel.xcdatamodel */;
			path = RoundModel.xcdatamodeld;
			sourceTree = "<group>";
			versionGroupType = wrapper.xcdatamodel;
		};
/* End XCVersionGroup section */
	};
	rootObject = A2E9C3602A121BC0006D3B82 /* Project object */;
}
