// !$*UTF8*$!
{
	archiveVersion = 1;
	classes = {
	};
	objectVersion = 56;
	objects = {

/* Begin PBXBuildFile section */
		A2855F8D2A161685002F6A28 /* AllModifiers.swift in Sources */ = {isa = PBXBuildFile; fileRef = A2855F8C2A161685002F6A28 /* AllModifiers.swift */; };
		A2855F912A166CCF002F6A28 /* BalooBhaijaan-Regular.ttf in Resources */ = {isa = PBXBuildFile; fileRef = A2855F8F2A166C9C002F6A28 /* BalooBhaijaan-Regular.ttf */; };
		A2E9C36C2A121BC0006D3B82 /* SabbaraApp.swift in Sources */ = {isa = PBXBuildFile; fileRef = A2E9C36B2A121BC0006D3B82 /* SabbaraApp.swift */; };
		A2E9C36E2A121BC0006D3B82 /* ContentView.swift in Sources */ = {isa = PBXBuildFile; fileRef = A2E9C36D2A121BC0006D3B82 /* ContentView.swift */; };
		A2E9C3702A121BC1006D3B82 /* Assets.xcassets in Resources */ = {isa = PBXBuildFile; fileRef = A2E9C36F2A121BC1006D3B82 /* Assets.xcassets */; };
		A2E9C3732A121BC1006D3B82 /* Preview Assets.xcassets in Resources */ = {isa = PBXBuildFile; fileRef = A2E9C3722A121BC1006D3B82 /* Preview Assets.xcassets */; };
		A2E9C3752A121BC1006D3B82 /* Persistence.swift in Sources */ = {isa = PBXBuildFile; fileRef = A2E9C3742A121BC1006D3B82 /* Persistence.swift */; };
		A2E9C3782A121BC1006D3B82 /* Sabbara.xcdatamodeld in Sources */ = {isa = PBXBuildFile; fileRef = A2E9C3762A121BC1006D3B82 /* Sabbara.xcdatamodeld */; };
/* End PBXBuildFile section */

/* Begin PBXFileReference section */
		A2855F8C2A161685002F6A28 /* AllModifiers.swift */ = {isa = PBXFileReference; lastKnownFileType = sourcecode.swift; path = AllModifiers.swift; sourceTree = "<group>"; };
		A2855F8F2A166C9C002F6A28 /* BalooBhaijaan-Regular.ttf */ = {isa = PBXFileReference; lastKnownFileType = file; path = "BalooBhaijaan-Regular.ttf"; sourceTree = "<group>"; };
		A2855F922A166DD7002F6A28 /* Info.plist */ = {isa = PBXFileReference; lastKnownFileType = text.plist; path = Info.plist; sourceTree = "<group>"; };
		A2E9C3682A121BC0006D3B82 /* Sabbara.app */ = {isa = PBXFileReference; explicitFileType = wrapper.application; includeInIndex = 0; path = Sabbara.app; sourceTree = BUILT_PRODUCTS_DIR; };
		A2E9C36B2A121BC0006D3B82 /* SabbaraApp.swift */ = {isa = PBXFileReference; lastKnownFileType = sourcecode.swift; path = SabbaraApp.swift; sourceTree = "<group>"; };
		A2E9C36D2A121BC0006D3B82 /* ContentView.swift */ = {isa = PBXFileReference; lastKnownFileType = sourcecode.swift; path = ContentView.swift; sourceTree = "<group>"; };
		A2E9C36F2A121BC1006D3B82 /* Assets.xcassets */ = {isa = PBXFileReference; lastKnownFileType = folder.assetcatalog; path = Assets.xcassets; sourceTree = "<group>"; };
		A2E9C3722A121BC1006D3B82 /* Preview Assets.xcassets */ = {isa = PBXFileReference; lastKnownFileType = folder.assetcatalog; path = "Preview Assets.xcassets"; sourceTree = "<group>"; };
		A2E9C3742A121BC1006D3B82 /* Persistence.swift */ = {isa = PBXFileReference; lastKnownFileType = sourcecode.swift; path = Persistence.swift; sourceTree = "<group>"; };
		A2E9C3772A121BC1006D3B82 /* Sabbara.xcdatamodel */ = {isa = PBXFileReference; lastKnownFileType = wrapper.xcdatamodel; path = Sabbara.xcdatamodel; sourceTree = "<group>"; };
/* End PBXFileReference section */

/* Begin PBXFrameworksBuildPhase section */
		A2E9C3652A121BC0006D3B82 /* Frameworks */ = {
			isa = PBXFrameworksBuildPhase;
			buildActionMask = 2147483647;
			files = (
			);
			runOnlyForDeploymentPostprocessing = 0;
		};
/* End PBXFrameworksBuildPhase section */

/* Begin PBXGroup section */
		A2855F8E2A166C60002F6A28 /* Fonts */ = {
			isa = PBXGroup;
			children = (
				A2855F8F2A166C9C002F6A28 /* BalooBhaijaan-Regular.ttf */,
			);
			path = Fonts;
			sourceTree = "<group>";
		};
		A2E9C35F2A121BC0006D3B82 = {
			isa = PBXGroup;
			children = (
				A2E9C36A2A121BC0006D3B82 /* Sabbara */,
				A2E9C3692A121BC0006D3B82 /* Products */,
			);
			sourceTree = "<group>";
		};
		A2E9C3692A121BC0006D3B82 /* Products */ = {
			isa = PBXGroup;
			children = (
				A2E9C3682A121BC0006D3B82 /* Sabbara.app */,
			);
			name = Products;
			sourceTree = "<group>";
		};
		A2E9C36A2A121BC0006D3B82 /* Sabbara */ = {
			isa = PBXGroup;
			children = (
				A2855F922A166DD7002F6A28 /* Info.plist */,
				A2855F8E2A166C60002F6A28 /* Fonts */,
				A2E9C36B2A121BC0006D3B82 /* SabbaraApp.swift */,
				A2E9C36D2A121BC0006D3B82 /* ContentView.swift */,
				A2855F8C2A161685002F6A28 /* AllModifiers.swift */,
				A2E9C36F2A121BC1006D3B82 /* Assets.xcassets */,
				A2E9C3742A121BC1006D3B82 /* Persistence.swift */,
				A2E9C3762A121BC1006D3B82 /* Sabbara.xcdatamodeld */,
				A2E9C3712A121BC1006D3B82 /* Preview Content */,
			);
			path = Sabbara;
			sourceTree = "<group>";
		};
		A2E9C3712A121BC1006D3B82 /* Preview Content */ = {
			isa = PBXGroup;
			children = (
				A2E9C3722A121BC1006D3B82 /* Preview Assets.xcassets */,
			);
			path = "Preview Content";
			sourceTree = "<group>";
		};
/* End PBXGroup section */

/* Begin PBXNativeTarget section */
		A2E9C3672A121BC0006D3B82 /* Sabbara */ = {
			isa = PBXNativeTarget;
			buildConfigurationList = A2E9C37B2A121BC1006D3B82 /* Build configuration list for PBXNativeTarget "Sabbara" */;
			buildPhases = (
				A2E9C3642A121BC0006D3B82 /* Sources */,
				A2E9C3652A121BC0006D3B82 /* Frameworks */,
				A2E9C3662A121BC0006D3B82 /* Resources */,
			);
			buildRules = (
			);
			dependencies = (
			);
			name = Sabbara;
			productName = Sabbara;
			productReference = A2E9C3682A121BC0006D3B82 /* Sabbara.app */;
			productType = "com.apple.product-type.application";
		};
/* End PBXNativeTarget section */

/* Begin PBXProject section */
		A2E9C3602A121BC0006D3B82 /* Project object */ = {
			isa = PBXProject;
			attributes = {
				BuildIndependentTargetsInParallel = 1;
				LastSwiftUpdateCheck = 1420;
				LastUpgradeCheck = 1420;
				TargetAttributes = {
					A2E9C3672A121BC0006D3B82 = {
						CreatedOnToolsVersion = 14.2;
					};
				};
			};
			buildConfigurationList = A2E9C3632A121BC0006D3B82 /* Build configuration list for PBXProject "Sabbara" */;
			compatibilityVersion = "Xcode 14.0";
			developmentRegion = en;
			hasScannedForEncodings = 0;
			knownRegions = (
				en,
				Base,
			);
			mainGroup = A2E9C35F2A121BC0006D3B82;
			productRefGroup = A2E9C3692A121BC0006D3B82 /* Products */;
			projectDirPath = "";
			projectRoot = "";
			targets = (
				A2E9C3672A121BC0006D3B82 /* Sabbara */,
			);
		};
/* End PBXProject section */

/* Begin PBXResourcesBuildPhase section */
		A2E9C3662A121BC0006D3B82 /* Resources */ = {
			isa = PBXResourcesBuildPhase;
			buildActionMask = 2147483647;
			files = (
				A2855F912A166CCF002F6A28 /* BalooBhaijaan-Regular.ttf in Resources */,
				A2E9C3732A121BC1006D3B82 /* Preview Assets.xcassets in Resources */,
				A2E9C3702A121BC1006D3B82 /* Assets.xcassets in Resources */,
			);
			runOnlyForDeploymentPostprocessing = 0;
		};
/* End PBXResourcesBuildPhase section */

/* Begin PBXSourcesBuildPhase section */
		A2E9C3642A121BC0006D3B82 /* Sources */ = {
			isa = PBXSourcesBuildPhase;
			buildActionMask = 2147483647;
			files = (
				A2855F8D2A161685002F6A28 /* AllModifiers.swift in Sources */,
				A2E9C3782A121BC1006D3B82 /* Sabbara.xcdatamodeld in Sources */,
				A2E9C3752A121BC1006D3B82 /* Persistence.swift in Sources */,
				A2E9C36E2A121BC0006D3B82 /* ContentView.swift in Sources */,
				A2E9C36C2A121BC0006D3B82 /* SabbaraApp.swift in Sources */,
			);
			runOnlyForDeploymentPostprocessing = 0;
		};
/* End PBXSourcesBuildPhase section */

/* Begin XCBuildConfiguration section */
		A2E9C3792A121BC1006D3B82 /* Debug */ = {
			isa = XCBuildConfiguration;
			buildSettings = {
				ALWAYS_SEARCH_USER_PATHS = NO;
				CLANG_ANALYZER_NONNULL = YES;
				CLANG_ANALYZER_NUMBER_OBJECT_CONVERSION = YES_AGGRESSIVE;
				CLANG_CXX_LANGUAGE_STANDARD = "gnu++20";
				CLANG_ENABLE_MODULES = YES;
				CLANG_ENABLE_OBJC_ARC = YES;
				CLANG_ENABLE_OBJC_WEAK = YES;
				CLANG_WARN_BLOCK_CAPTURE_AUTORELEASING = YES;
				CLANG_WARN_BOOL_CONVERSION = YES;
				CLANG_WARN_COMMA = YES;
				CLANG_WARN_CONSTANT_CONVERSION = YES;
				CLANG_WARN_DEPRECATED_OBJC_IMPLEMENTATIONS = YES;
				CLANG_WARN_DIRECT_OBJC_ISA_USAGE = YES_ERROR;
				CLANG_WARN_DOCUMENTATION_COMMENTS = YES;
				CLANG_WARN_EMPTY_BODY = YES;
				CLANG_WARN_ENUM_CONVERSION = YES;
				CLANG_WARN_INFINITE_RECURSION = YES;
				CLANG_WARN_INT_CONVERSION = YES;
				CLANG_WARN_NON_LITERAL_NULL_CONVERSION = YES;
				CLANG_WARN_OBJC_IMPLICIT_RETAIN_SELF = YES;
				CLANG_WARN_OBJC_LITERAL_CONVERSION = YES;
				CLANG_WARN_OBJC_ROOT_CLASS = YES_ERROR;
				CLANG_WARN_QUOTED_INCLUDE_IN_FRAMEWORK_HEADER = YES;
				CLANG_WARN_RANGE_LOOP_ANALYSIS = YES;
				CLANG_WARN_STRICT_PROTOTYPES = YES;
				CLANG_WARN_SUSPICIOUS_MOVE = YES;
				CLANG_WARN_UNGUARDED_AVAILABILITY = YES_AGGRESSIVE;
				CLANG_WARN_UNREACHABLE_CODE = YES;
				CLANG_WARN__DUPLICATE_METHOD_MATCH = YES;
				COPY_PHASE_STRIP = NO;
				DEBUG_INFORMATION_FORMAT = dwarf;
				ENABLE_STRICT_OBJC_MSGSEND = YES;
				ENABLE_TESTABILITY = YES;
				GCC_C_LANGUAGE_STANDARD = gnu11;
				GCC_DYNAMIC_NO_PIC = NO;
				GCC_NO_COMMON_BLOCKS = YES;
				GCC_OPTIMIZATION_LEVEL = 0;
				GCC_PREPROCESSOR_DEFINITIONS = (
					"DEBUG=1",
					"$(inherited)",
				);
				GCC_WARN_64_TO_32_BIT_CONVERSION = YES;
				GCC_WARN_ABOUT_RETURN_TYPE = YES_ERROR;
				GCC_WARN_UNDECLARED_SELECTOR = YES;
				GCC_WARN_UNINITIALIZED_AUTOS = YES_AGGRESSIVE;
				GCC_WARN_UNUSED_FUNCTION = YES;
				GCC_WARN_UNUSED_VARIABLE = YES;
				IPHONEOS_DEPLOYMENT_TARGET = 16.2;
				MTL_ENABLE_DEBUG_INFO = INCLUDE_SOURCE;
				MTL_FAST_MATH = YES;
				ONLY_ACTIVE_ARCH = YES;
				SDKROOT = iphoneos;
				SWIFT_ACTIVE_COMPILATION_CONDITIONS = DEBUG;
				SWIFT_OPTIMIZATION_LEVEL = "-Onone";
			};
			name = Debug;
		};
		A2E9C37A2A121BC1006D3B82 /* Release */ = {
			isa = XCBuildConfiguration;
			buildSettings = {
				ALWAYS_SEARCH_USER_PATHS = NO;
				CLANG_ANALYZER_NONNULL = YES;
				CLANG_ANALYZER_NUMBER_OBJECT_CONVERSION = YES_AGGRESSIVE;
				CLANG_CXX_LANGUAGE_STANDARD = "gnu++20";
				CLANG_ENABLE_MODULES = YES;
				CLANG_ENABLE_OBJC_ARC = YES;
				CLANG_ENABLE_OBJC_WEAK = YES;
				CLANG_WARN_BLOCK_CAPTURE_AUTORELEASING = YES;
				CLANG_WARN_BOOL_CONVERSION = YES;
				CLANG_WARN_COMMA = YES;
				CLANG_WARN_CONSTANT_CONVERSION = YES;
				CLANG_WARN_DEPRECATED_OBJC_IMPLEMENTATIONS = YES;
				CLANG_WARN_DIRECT_OBJC_ISA_USAGE = YES_ERROR;
				CLANG_WARN_DOCUMENTATION_COMMENTS = YES;
				CLANG_WARN_EMPTY_BODY = YES;
				CLANG_WARN_ENUM_CONVERSION = YES;
				CLANG_WARN_INFINITE_RECURSION = YES;
				CLANG_WARN_INT_CONVERSION = YES;
				CLANG_WARN_NON_LITERAL_NULL_CONVERSION = YES;
				CLANG_WARN_OBJC_IMPLICIT_RETAIN_SELF = YES;
				CLANG_WARN_OBJC_LITERAL_CONVERSION = YES;
				CLANG_WARN_OBJC_ROOT_CLASS = YES_ERROR;
				CLANG_WARN_QUOTED_INCLUDE_IN_FRAMEWORK_HEADER = YES;
				CLANG_WARN_RANGE_LOOP_ANALYSIS = YES;
				CLANG_WARN_STRICT_PROTOTYPES = YES;
				CLANG_WARN_SUSPICIOUS_MOVE = YES;
				CLANG_WARN_UNGUARDED_AVAILABILITY = YES_AGGRESSIVE;
				CLANG_WARN_UNREACHABLE_CODE = YES;
				CLANG_WARN__DUPLICATE_METHOD_MATCH = YES;
				COPY_PHASE_STRIP = NO;
				DEBUG_INFORMATION_FORMAT = "dwarf-with-dsym";
				ENABLE_NS_ASSERTIONS = NO;
				ENABLE_STRICT_OBJC_MSGSEND = YES;
				GCC_C_LANGUAGE_STANDARD = gnu11;
				GCC_NO_COMMON_BLOCKS = YES;
				GCC_WARN_64_TO_32_BIT_CONVERSION = YES;
				GCC_WARN_ABOUT_RETURN_TYPE = YES_ERROR;
				GCC_WARN_UNDECLARED_SELECTOR = YES;
				GCC_WARN_UNINITIALIZED_AUTOS = YES_AGGRESSIVE;
				GCC_WARN_UNUSED_FUNCTION = YES;
				GCC_WARN_UNUSED_VARIABLE = YES;
				IPHONEOS_DEPLOYMENT_TARGET = 16.2;
				MTL_ENABLE_DEBUG_INFO = NO;
				MTL_FAST_MATH = YES;
				SDKROOT = iphoneos;
				SWIFT_COMPILATION_MODE = wholemodule;
				SWIFT_OPTIMIZATION_LEVEL = "-O";
				VALIDATE_PRODUCT = YES;
			};
			name = Release;
		};
		A2E9C37C2A121BC1006D3B82 /* Debug */ = {
			isa = XCBuildConfiguration;
			buildSettings = {
				ASSETCATALOG_COMPILER_APPICON_NAME = AppIcon;
				ASSETCATALOG_COMPILER_GLOBAL_ACCENT_COLOR_NAME = AccentColor;
				CODE_SIGN_STYLE = Automatic;
				CURRENT_PROJECT_VERSION = 1;
				DEVELOPMENT_ASSET_PATHS = "\"Sabbara/Preview Content\"";
				DEVELOPMENT_TEAM = Z6KZNQG7LM;
				ENABLE_PREVIEWS = YES;
				GENERATE_INFOPLIST_FILE = YES;
				INFOPLIST_FILE = Sabbara/Info.plist;
				INFOPLIST_KEY_UIApplicationSceneManifest_Generation = YES;
				INFOPLIST_KEY_UIApplicationSupportsIndirectInputEvents = YES;
				INFOPLIST_KEY_UILaunchScreen_Generation = YES;
				INFOPLIST_KEY_UISupportedInterfaceOrientations_iPad = "\"\" UIInterfaceOrientationPortrait UIInterfaceOrientationPortraitUpsideDown UIInterfaceOrientationLandscapeLeft UIInterfaceOrientationLandscapeRight";
				INFOPLIST_KEY_UISupportedInterfaceOrientations_iPhone = "UIInterfaceOrientationPortrait UIInterfaceOrientationLandscapeLeft UIInterfaceOrientationLandscapeRight";
				LD_RUNPATH_SEARCH_PATHS = (
					"$(inherited)",
					"@executable_path/Frameworks",
				);
				MARKETING_VERSION = 1.0;
				PRODUCT_BUNDLE_IDENTIFIER = test.com.Sabbara;
				PRODUCT_NAME = "$(TARGET_NAME)";
				SWIFT_EMIT_LOC_STRINGS = YES;
				SWIFT_VERSION = 5.0;
				TARGETED_DEVICE_FAMILY = "1,2";
			};
			name = Debug;
		};
		A2E9C37D2A121BC1006D3B82 /* Release */ = {
			isa = XCBuildConfiguration;
			buildSettings = {
				ASSETCATALOG_COMPILER_APPICON_NAME = AppIcon;
				ASSETCATALOG_COMPILER_GLOBAL_ACCENT_COLOR_NAME = AccentColor;
				CODE_SIGN_STYLE = Automatic;
				CURRENT_PROJECT_VERSION = 1;
				DEVELOPMENT_ASSET_PATHS = "\"Sabbara/Preview Content\"";
				DEVELOPMENT_TEAM = Z6KZNQG7LM;
				ENABLE_PREVIEWS = YES;
				GENERATE_INFOPLIST_FILE = YES;
				INFOPLIST_FILE = Sabbara/Info.plist;
				INFOPLIST_KEY_UIApplicationSceneManifest_Generation = YES;
				INFOPLIST_KEY_UIApplicationSupportsIndirectInputEvents = YES;
				INFOPLIST_KEY_UILaunchScreen_Generation = YES;
				INFOPLIST_KEY_UISupportedInterfaceOrientations_iPad = "\"\" UIInterfaceOrientationPortrait UIInterfaceOrientationPortraitUpsideDown UIInterfaceOrientationLandscapeLeft UIInterfaceOrientationLandscapeRight";
				INFOPLIST_KEY_UISupportedInterfaceOrientations_iPhone = "UIInterfaceOrientationPortrait UIInterfaceOrientationLandscapeLeft UIInterfaceOrientationLandscapeRight";
				LD_RUNPATH_SEARCH_PATHS = (
					"$(inherited)",
					"@executable_path/Frameworks",
				);
				MARKETING_VERSION = 1.0;
				PRODUCT_BUNDLE_IDENTIFIER = test.com.Sabbara;
				PRODUCT_NAME = "$(TARGET_NAME)";
				SWIFT_EMIT_LOC_STRINGS = YES;
				SWIFT_VERSION = 5.0;
				TARGETED_DEVICE_FAMILY = "1,2";
			};
			name = Release;
		};
/* End XCBuildConfiguration section */

/* Begin XCConfigurationList section */
		A2E9C3632A121BC0006D3B82 /* Build configuration list for PBXProject "Sabbara" */ = {
			isa = XCConfigurationList;
			buildConfigurations = (
				A2E9C3792A121BC1006D3B82 /* Debug */,
				A2E9C37A2A121BC1006D3B82 /* Release */,
			);
			defaultConfigurationIsVisible = 0;
			defaultConfigurationName = Release;
		};
		A2E9C37B2A121BC1006D3B82 /* Build configuration list for PBXNativeTarget "Sabbara" */ = {
			isa = XCConfigurationList;
			buildConfigurations = (
				A2E9C37C2A121BC1006D3B82 /* Debug */,
				A2E9C37D2A121BC1006D3B82 /* Release */,
			);
			defaultConfigurationIsVisible = 0;
			defaultConfigurationName = Release;
		};
/* End XCConfigurationList section */

/* Begin XCVersionGroup section */
		A2E9C3762A121BC1006D3B82 /* Sabbara.xcdatamodeld */ = {
			isa = XCVersionGroup;
			children = (
				A2E9C3772A121BC1006D3B82 /* Sabbara.xcdatamodel */,
			);
			currentVersion = A2E9C3772A121BC1006D3B82 /* Sabbara.xcdatamodel */;
			path = Sabbara.xcdatamodeld;
			sourceTree = "<group>";
			versionGroupType = wrapper.xcdatamodel;
		};
/* End XCVersionGroup section */
	};
	rootObject = A2E9C3602A121BC0006D3B82 /* Project object */;
}
